// !$*UTF8*$!
{
	archiveVersion = 1;
	classes = {
	};
	objectVersion = 77;
	objects = {

/* Begin PBXBuildFile section */
		BB26D3642D408EEE0061B193 /* FirebaseAnalytics in Frameworks */ = {isa = PBXBuildFile; productRef = BB26D3632D408EEE0061B193 /* FirebaseAnalytics */; };
		BB26D3662D408EEE0061B193 /* FirebaseAnalyticsOnDeviceConversion in Frameworks */ = {isa = PBXBuildFile; productRef = BB26D3652D408EEE0061B193 /* FirebaseAnalyticsOnDeviceConversion */; };
		BB26D3682D408EEE0061B193 /* FirebaseAnalyticsWithoutAdIdSupport in Frameworks */ = {isa = PBXBuildFile; productRef = BB26D3672D408EEE0061B193 /* FirebaseAnalyticsWithoutAdIdSupport */; };
		BB26D36A2D408EEE0061B193 /* FirebaseAppCheck in Frameworks */ = {isa = PBXBuildFile; productRef = BB26D3692D408EEE0061B193 /* FirebaseAppCheck */; };
		BB26D36C2D408EEE0061B193 /* FirebaseAppDistribution-Beta in Frameworks */ = {isa = PBXBuildFile; productRef = BB26D36B2D408EEE0061B193 /* FirebaseAppDistribution-Beta */; };
		BB26D36E2D408EEE0061B193 /* FirebaseAuth in Frameworks */ = {isa = PBXBuildFile; productRef = BB26D36D2D408EEE0061B193 /* FirebaseAuth */; };
		BB26D3702D408EEE0061B193 /* FirebaseAuthCombine-Community in Frameworks */ = {isa = PBXBuildFile; productRef = BB26D36F2D408EEE0061B193 /* FirebaseAuthCombine-Community */; };
		BB26D3722D408EEE0061B193 /* FirebaseCore in Frameworks */ = {isa = PBXBuildFile; productRef = BB26D3712D408EEE0061B193 /* FirebaseCore */; };
		BB26D3742D408EEE0061B193 /* FirebaseCrashlytics in Frameworks */ = {isa = PBXBuildFile; productRef = BB26D3732D408EEE0061B193 /* FirebaseCrashlytics */; };
		BB26D3762D408EEE0061B193 /* FirebaseDatabase in Frameworks */ = {isa = PBXBuildFile; productRef = BB26D3752D408EEE0061B193 /* FirebaseDatabase */; };
		BB26D3782D408EEE0061B193 /* FirebaseDynamicLinks in Frameworks */ = {isa = PBXBuildFile; productRef = BB26D3772D408EEE0061B193 /* FirebaseDynamicLinks */; };
		BB26D37A2D408EEE0061B193 /* FirebaseFirestore in Frameworks */ = {isa = PBXBuildFile; productRef = BB26D3792D408EEE0061B193 /* FirebaseFirestore */; };
		BB26D37C2D408EEE0061B193 /* FirebaseFirestoreCombine-Community in Frameworks */ = {isa = PBXBuildFile; productRef = BB26D37B2D408EEE0061B193 /* FirebaseFirestoreCombine-Community */; };
		BB26D37E2D408EEE0061B193 /* FirebaseFunctions in Frameworks */ = {isa = PBXBuildFile; productRef = BB26D37D2D408EEE0061B193 /* FirebaseFunctions */; };
		BB26D3802D408EEE0061B193 /* FirebaseFunctionsCombine-Community in Frameworks */ = {isa = PBXBuildFile; productRef = BB26D37F2D408EEE0061B193 /* FirebaseFunctionsCombine-Community */; };
		BB26D3822D408EEE0061B193 /* FirebaseInAppMessaging-Beta in Frameworks */ = {isa = PBXBuildFile; productRef = BB26D3812D408EEE0061B193 /* FirebaseInAppMessaging-Beta */; };
		BB26D3842D408EEE0061B193 /* FirebaseInstallations in Frameworks */ = {isa = PBXBuildFile; productRef = BB26D3832D408EEE0061B193 /* FirebaseInstallations */; };
		BB26D3862D408EEE0061B193 /* FirebaseMLModelDownloader in Frameworks */ = {isa = PBXBuildFile; productRef = BB26D3852D408EEE0061B193 /* FirebaseMLModelDownloader */; };
		BB26D3882D408EEE0061B193 /* FirebaseMessaging in Frameworks */ = {isa = PBXBuildFile; productRef = BB26D3872D408EEE0061B193 /* FirebaseMessaging */; };
		BB26D38A2D408EEE0061B193 /* FirebasePerformance in Frameworks */ = {isa = PBXBuildFile; productRef = BB26D3892D408EEE0061B193 /* FirebasePerformance */; };
		BB26D38C2D408EEE0061B193 /* FirebaseRemoteConfig in Frameworks */ = {isa = PBXBuildFile; productRef = BB26D38B2D408EEE0061B193 /* FirebaseRemoteConfig */; };
		BB26D38E2D408EEE0061B193 /* FirebaseStorage in Frameworks */ = {isa = PBXBuildFile; productRef = BB26D38D2D408EEE0061B193 /* FirebaseStorage */; };
		BB26D3902D408EEE0061B193 /* FirebaseStorageCombine-Community in Frameworks */ = {isa = PBXBuildFile; productRef = BB26D38F2D408EEE0061B193 /* FirebaseStorageCombine-Community */; };
		BB26D3922D408EEE0061B193 /* FirebaseVertexAI in Frameworks */ = {isa = PBXBuildFile; productRef = BB26D3912D408EEE0061B193 /* FirebaseVertexAI */; };
/* End PBXBuildFile section */

/* Begin PBXContainerItemProxy section */
		BB26D3442D404F3D0061B193 /* PBXContainerItemProxy */ = {
			isa = PBXContainerItemProxy;
			containerPortal = BB26D32B2D404F3C0061B193 /* Project object */;
			proxyType = 1;
			remoteGlobalIDString = BB26D3322D404F3C0061B193;
			remoteInfo = SmartDart;
		};
		BB26D34E2D404F3D0061B193 /* PBXContainerItemProxy */ = {
			isa = PBXContainerItemProxy;
			containerPortal = BB26D32B2D404F3C0061B193 /* Project object */;
			proxyType = 1;
			remoteGlobalIDString = BB26D3322D404F3C0061B193;
			remoteInfo = SmartDart;
		};
/* End PBXContainerItemProxy section */

/* Begin PBXFileReference section */
		BB26D3332D404F3C0061B193 /* SmartDart.app */ = {isa = PBXFileReference; explicitFileType = wrapper.application; includeInIndex = 0; path = SmartDart.app; sourceTree = BUILT_PRODUCTS_DIR; };
		BB26D3432D404F3D0061B193 /* SmartDartTests.xctest */ = {isa = PBXFileReference; explicitFileType = wrapper.cfbundle; includeInIndex = 0; path = SmartDartTests.xctest; sourceTree = BUILT_PRODUCTS_DIR; };
		BB26D34D2D404F3D0061B193 /* SmartDartUITests.xctest */ = {isa = PBXFileReference; explicitFileType = wrapper.cfbundle; includeInIndex = 0; path = SmartDartUITests.xctest; sourceTree = BUILT_PRODUCTS_DIR; };
/* End PBXFileReference section */

/* Begin PBXFileSystemSynchronizedRootGroup section */
		BB26D3352D404F3C0061B193 /* SmartDart */ = {
			isa = PBXFileSystemSynchronizedRootGroup;
			path = SmartDart;
			sourceTree = "<group>";
		};
		BB26D3462D404F3D0061B193 /* SmartDartTests */ = {
			isa = PBXFileSystemSynchronizedRootGroup;
			path = SmartDartTests;
			sourceTree = "<group>";
		};
		BB26D3502D404F3D0061B193 /* SmartDartUITests */ = {
			isa = PBXFileSystemSynchronizedRootGroup;
			path = SmartDartUITests;
			sourceTree = "<group>";
		};
/* End PBXFileSystemSynchronizedRootGroup section */

/* Begin PBXFrameworksBuildPhase section */
		BB26D3302D404F3C0061B193 /* Frameworks */ = {
			isa = PBXFrameworksBuildPhase;
			buildActionMask = 2147483647;
			files = (
				BB26D37C2D408EEE0061B193 /* FirebaseFirestoreCombine-Community in Frameworks */,
				BB26D3922D408EEE0061B193 /* FirebaseVertexAI in Frameworks */,
				BB26D37E2D408EEE0061B193 /* FirebaseFunctions in Frameworks */,
				BB26D38A2D408EEE0061B193 /* FirebasePerformance in Frameworks */,
				BB26D3902D408EEE0061B193 /* FirebaseStorageCombine-Community in Frameworks */,
				BB26D38C2D408EEE0061B193 /* FirebaseRemoteConfig in Frameworks */,
				BB26D3762D408EEE0061B193 /* FirebaseDatabase in Frameworks */,
				BB26D3782D408EEE0061B193 /* FirebaseDynamicLinks in Frameworks */,
				BB26D36A2D408EEE0061B193 /* FirebaseAppCheck in Frameworks */,
				BB26D36E2D408EEE0061B193 /* FirebaseAuth in Frameworks */,
				BB26D3642D408EEE0061B193 /* FirebaseAnalytics in Frameworks */,
				BB26D37A2D408EEE0061B193 /* FirebaseFirestore in Frameworks */,
				BB26D3882D408EEE0061B193 /* FirebaseMessaging in Frameworks */,
				BB26D3842D408EEE0061B193 /* FirebaseInstallations in Frameworks */,
				BB26D3802D408EEE0061B193 /* FirebaseFunctionsCombine-Community in Frameworks */,
				BB26D36C2D408EEE0061B193 /* FirebaseAppDistribution-Beta in Frameworks */,
				BB26D3682D408EEE0061B193 /* FirebaseAnalyticsWithoutAdIdSupport in Frameworks */,
				BB26D3822D408EEE0061B193 /* FirebaseInAppMessaging-Beta in Frameworks */,
				BB26D3702D408EEE0061B193 /* FirebaseAuthCombine-Community in Frameworks */,
				BB26D3742D408EEE0061B193 /* FirebaseCrashlytics in Frameworks */,
				BB26D3862D408EEE0061B193 /* FirebaseMLModelDownloader in Frameworks */,
				BB26D38E2D408EEE0061B193 /* FirebaseStorage in Frameworks */,
				BB26D3722D408EEE0061B193 /* FirebaseCore in Frameworks */,
				BB26D3662D408EEE0061B193 /* FirebaseAnalyticsOnDeviceConversion in Frameworks */,
			);
			runOnlyForDeploymentPostprocessing = 0;
		};
		BB26D3402D404F3D0061B193 /* Frameworks */ = {
			isa = PBXFrameworksBuildPhase;
			buildActionMask = 2147483647;
			files = (
			);
			runOnlyForDeploymentPostprocessing = 0;
		};
		BB26D34A2D404F3D0061B193 /* Frameworks */ = {
			isa = PBXFrameworksBuildPhase;
			buildActionMask = 2147483647;
			files = (
			);
			runOnlyForDeploymentPostprocessing = 0;
		};
/* End PBXFrameworksBuildPhase section */

/* Begin PBXGroup section */
		BB26D32A2D404F3C0061B193 = {
			isa = PBXGroup;
			children = (
				BB26D3352D404F3C0061B193 /* SmartDart */,
				BB26D3462D404F3D0061B193 /* SmartDartTests */,
				BB26D3502D404F3D0061B193 /* SmartDartUITests */,
				BB26D3342D404F3C0061B193 /* Products */,
			);
			sourceTree = "<group>";
		};
		BB26D3342D404F3C0061B193 /* Products */ = {
			isa = PBXGroup;
			children = (
				BB26D3332D404F3C0061B193 /* SmartDart.app */,
				BB26D3432D404F3D0061B193 /* SmartDartTests.xctest */,
				BB26D34D2D404F3D0061B193 /* SmartDartUITests.xctest */,
			);
			name = Products;
			sourceTree = "<group>";
		};
/* End PBXGroup section */

/* Begin PBXNativeTarget section */
		BB26D3322D404F3C0061B193 /* SmartDart */ = {
			isa = PBXNativeTarget;
			buildConfigurationList = BB26D3572D404F3D0061B193 /* Build configuration list for PBXNativeTarget "SmartDart" */;
			buildPhases = (
				BB26D32F2D404F3C0061B193 /* Sources */,
				BB26D3302D404F3C0061B193 /* Frameworks */,
				BB26D3312D404F3C0061B193 /* Resources */,
			);
			buildRules = (
			);
			dependencies = (
			);
			fileSystemSynchronizedGroups = (
				BB26D3352D404F3C0061B193 /* SmartDart */,
			);
			name = SmartDart;
			packageProductDependencies = (
				BB26D3632D408EEE0061B193 /* FirebaseAnalytics */,
				BB26D3652D408EEE0061B193 /* FirebaseAnalyticsOnDeviceConversion */,
				BB26D3672D408EEE0061B193 /* FirebaseAnalyticsWithoutAdIdSupport */,
				BB26D3692D408EEE0061B193 /* FirebaseAppCheck */,
				BB26D36B2D408EEE0061B193 /* FirebaseAppDistribution-Beta */,
				BB26D36D2D408EEE0061B193 /* FirebaseAuth */,
				BB26D36F2D408EEE0061B193 /* FirebaseAuthCombine-Community */,
				BB26D3712D408EEE0061B193 /* FirebaseCore */,
				BB26D3732D408EEE0061B193 /* FirebaseCrashlytics */,
				BB26D3752D408EEE0061B193 /* FirebaseDatabase */,
				BB26D3772D408EEE0061B193 /* FirebaseDynamicLinks */,
				BB26D3792D408EEE0061B193 /* FirebaseFirestore */,
				BB26D37B2D408EEE0061B193 /* FirebaseFirestoreCombine-Community */,
				BB26D37D2D408EEE0061B193 /* FirebaseFunctions */,
				BB26D37F2D408EEE0061B193 /* FirebaseFunctionsCombine-Community */,
				BB26D3812D408EEE0061B193 /* FirebaseInAppMessaging-Beta */,
				BB26D3832D408EEE0061B193 /* FirebaseInstallations */,
				BB26D3852D408EEE0061B193 /* FirebaseMLModelDownloader */,
				BB26D3872D408EEE0061B193 /* FirebaseMessaging */,
				BB26D3892D408EEE0061B193 /* FirebasePerformance */,
				BB26D38B2D408EEE0061B193 /* FirebaseRemoteConfig */,
				BB26D38D2D408EEE0061B193 /* FirebaseStorage */,
				BB26D38F2D408EEE0061B193 /* FirebaseStorageCombine-Community */,
				BB26D3912D408EEE0061B193 /* FirebaseVertexAI */,
			);
			productName = SmartDart;
			productReference = BB26D3332D404F3C0061B193 /* SmartDart.app */;
			productType = "com.apple.product-type.application";
		};
		BB26D3422D404F3D0061B193 /* SmartDartTests */ = {
			isa = PBXNativeTarget;
			buildConfigurationList = BB26D35A2D404F3D0061B193 /* Build configuration list for PBXNativeTarget "SmartDartTests" */;
			buildPhases = (
				BB26D33F2D404F3D0061B193 /* Sources */,
				BB26D3402D404F3D0061B193 /* Frameworks */,
				BB26D3412D404F3D0061B193 /* Resources */,
			);
			buildRules = (
			);
			dependencies = (
				BB26D3452D404F3D0061B193 /* PBXTargetDependency */,
			);
			fileSystemSynchronizedGroups = (
				BB26D3462D404F3D0061B193 /* SmartDartTests */,
			);
			name = SmartDartTests;
			packageProductDependencies = (
			);
			productName = SmartDartTests;
			productReference = BB26D3432D404F3D0061B193 /* SmartDartTests.xctest */;
			productType = "com.apple.product-type.bundle.unit-test";
		};
		BB26D34C2D404F3D0061B193 /* SmartDartUITests */ = {
			isa = PBXNativeTarget;
			buildConfigurationList = BB26D35D2D404F3D0061B193 /* Build configuration list for PBXNativeTarget "SmartDartUITests" */;
			buildPhases = (
				BB26D3492D404F3D0061B193 /* Sources */,
				BB26D34A2D404F3D0061B193 /* Frameworks */,
				BB26D34B2D404F3D0061B193 /* Resources */,
			);
			buildRules = (
			);
			dependencies = (
				BB26D34F2D404F3D0061B193 /* PBXTargetDependency */,
			);
			fileSystemSynchronizedGroups = (
				BB26D3502D404F3D0061B193 /* SmartDartUITests */,
			);
			name = SmartDartUITests;
			packageProductDependencies = (
			);
			productName = SmartDartUITests;
			productReference = BB26D34D2D404F3D0061B193 /* SmartDartUITests.xctest */;
			productType = "com.apple.product-type.bundle.ui-testing";
		};
/* End PBXNativeTarget section */

/* Begin PBXProject section */
		BB26D32B2D404F3C0061B193 /* Project object */ = {
			isa = PBXProject;
			attributes = {
				BuildIndependentTargetsInParallel = 1;
				LastSwiftUpdateCheck = 1620;
				LastUpgradeCheck = 1620;
				TargetAttributes = {
					BB26D3322D404F3C0061B193 = {
						CreatedOnToolsVersion = 16.2;
					};
					BB26D3422D404F3D0061B193 = {
						CreatedOnToolsVersion = 16.2;
						TestTargetID = BB26D3322D404F3C0061B193;
					};
					BB26D34C2D404F3D0061B193 = {
						CreatedOnToolsVersion = 16.2;
						TestTargetID = BB26D3322D404F3C0061B193;
					};
				};
			};
			buildConfigurationList = BB26D32E2D404F3C0061B193 /* Build configuration list for PBXProject "SmartDart" */;
			developmentRegion = en;
			hasScannedForEncodings = 0;
			knownRegions = (
				en,
				Base,
			);
			mainGroup = BB26D32A2D404F3C0061B193;
			minimizedProjectReferenceProxies = 1;
			packageReferences = (
				BB26D3622D408AE30061B193 /* XCRemoteSwiftPackageReference "firebase-ios-sdk" */,
			);
			preferredProjectObjectVersion = 77;
			productRefGroup = BB26D3342D404F3C0061B193 /* Products */;
			projectDirPath = "";
			projectRoot = "";
			targets = (
				BB26D3322D404F3C0061B193 /* SmartDart */,
				BB26D3422D404F3D0061B193 /* SmartDartTests */,
				BB26D34C2D404F3D0061B193 /* SmartDartUITests */,
			);
		};
/* End PBXProject section */

/* Begin PBXResourcesBuildPhase section */
		BB26D3312D404F3C0061B193 /* Resources */ = {
			isa = PBXResourcesBuildPhase;
			buildActionMask = 2147483647;
			files = (
			);
			runOnlyForDeploymentPostprocessing = 0;
		};
		BB26D3412D404F3D0061B193 /* Resources */ = {
			isa = PBXResourcesBuildPhase;
			buildActionMask = 2147483647;
			files = (
			);
			runOnlyForDeploymentPostprocessing = 0;
		};
		BB26D34B2D404F3D0061B193 /* Resources */ = {
			isa = PBXResourcesBuildPhase;
			buildActionMask = 2147483647;
			files = (
			);
			runOnlyForDeploymentPostprocessing = 0;
		};
/* End PBXResourcesBuildPhase section */

/* Begin PBXSourcesBuildPhase section */
		BB26D32F2D404F3C0061B193 /* Sources */ = {
			isa = PBXSourcesBuildPhase;
			buildActionMask = 2147483647;
			files = (
			);
			runOnlyForDeploymentPostprocessing = 0;
		};
		BB26D33F2D404F3D0061B193 /* Sources */ = {
			isa = PBXSourcesBuildPhase;
			buildActionMask = 2147483647;
			files = (
			);
			runOnlyForDeploymentPostprocessing = 0;
		};
		BB26D3492D404F3D0061B193 /* Sources */ = {
			isa = PBXSourcesBuildPhase;
			buildActionMask = 2147483647;
			files = (
			);
			runOnlyForDeploymentPostprocessing = 0;
		};
/* End PBXSourcesBuildPhase section */

/* Begin PBXTargetDependency section */
		BB26D3452D404F3D0061B193 /* PBXTargetDependency */ = {
			isa = PBXTargetDependency;
			target = BB26D3322D404F3C0061B193 /* SmartDart */;
			targetProxy = BB26D3442D404F3D0061B193 /* PBXContainerItemProxy */;
		};
		BB26D34F2D404F3D0061B193 /* PBXTargetDependency */ = {
			isa = PBXTargetDependency;
			target = BB26D3322D404F3C0061B193 /* SmartDart */;
			targetProxy = BB26D34E2D404F3D0061B193 /* PBXContainerItemProxy */;
		};
/* End PBXTargetDependency section */

/* Begin XCBuildConfiguration section */
		BB26D3552D404F3D0061B193 /* Debug */ = {
			isa = XCBuildConfiguration;
			buildSettings = {
				ALWAYS_SEARCH_USER_PATHS = NO;
				ASSETCATALOG_COMPILER_GENERATE_SWIFT_ASSET_SYMBOL_EXTENSIONS = YES;
				CLANG_ANALYZER_NONNULL = YES;
				CLANG_ANALYZER_NUMBER_OBJECT_CONVERSION = YES_AGGRESSIVE;
				CLANG_CXX_LANGUAGE_STANDARD = "gnu++20";
				CLANG_ENABLE_MODULES = YES;
				CLANG_ENABLE_OBJC_ARC = YES;
				CLANG_ENABLE_OBJC_WEAK = YES;
				CLANG_WARN_BLOCK_CAPTURE_AUTORELEASING = YES;
				CLANG_WARN_BOOL_CONVERSION = YES;
				CLANG_WARN_COMMA = YES;
				CLANG_WARN_CONSTANT_CONVERSION = YES;
				CLANG_WARN_DEPRECATED_OBJC_IMPLEMENTATIONS = YES;
				CLANG_WARN_DIRECT_OBJC_ISA_USAGE = YES_ERROR;
				CLANG_WARN_DOCUMENTATION_COMMENTS = YES;
				CLANG_WARN_EMPTY_BODY = YES;
				CLANG_WARN_ENUM_CONVERSION = YES;
				CLANG_WARN_INFINITE_RECURSION = YES;
				CLANG_WARN_INT_CONVERSION = YES;
				CLANG_WARN_NON_LITERAL_NULL_CONVERSION = YES;
				CLANG_WARN_OBJC_IMPLICIT_RETAIN_SELF = YES;
				CLANG_WARN_OBJC_LITERAL_CONVERSION = YES;
				CLANG_WARN_OBJC_ROOT_CLASS = YES_ERROR;
				CLANG_WARN_QUOTED_INCLUDE_IN_FRAMEWORK_HEADER = YES;
				CLANG_WARN_RANGE_LOOP_ANALYSIS = YES;
				CLANG_WARN_STRICT_PROTOTYPES = YES;
				CLANG_WARN_SUSPICIOUS_MOVE = YES;
				CLANG_WARN_UNGUARDED_AVAILABILITY = YES_AGGRESSIVE;
				CLANG_WARN_UNREACHABLE_CODE = YES;
				CLANG_WARN__DUPLICATE_METHOD_MATCH = YES;
				COPY_PHASE_STRIP = NO;
				DEBUG_INFORMATION_FORMAT = dwarf;
				ENABLE_STRICT_OBJC_MSGSEND = YES;
				ENABLE_TESTABILITY = YES;
				ENABLE_USER_SCRIPT_SANDBOXING = YES;
				GCC_C_LANGUAGE_STANDARD = gnu17;
				GCC_DYNAMIC_NO_PIC = NO;
				GCC_NO_COMMON_BLOCKS = YES;
				GCC_OPTIMIZATION_LEVEL = 0;
				GCC_PREPROCESSOR_DEFINITIONS = (
					"DEBUG=1",
					"$(inherited)",
				);
				GCC_WARN_64_TO_32_BIT_CONVERSION = YES;
				GCC_WARN_ABOUT_RETURN_TYPE = YES_ERROR;
				GCC_WARN_UNDECLARED_SELECTOR = YES;
				GCC_WARN_UNINITIALIZED_AUTOS = YES_AGGRESSIVE;
				GCC_WARN_UNUSED_FUNCTION = YES;
				GCC_WARN_UNUSED_VARIABLE = YES;
				IPHONEOS_DEPLOYMENT_TARGET = 18.2;
				LOCALIZATION_PREFERS_STRING_CATALOGS = YES;
				MTL_ENABLE_DEBUG_INFO = INCLUDE_SOURCE;
				MTL_FAST_MATH = YES;
				ONLY_ACTIVE_ARCH = YES;
				SDKROOT = iphoneos;
				SWIFT_ACTIVE_COMPILATION_CONDITIONS = "DEBUG $(inherited)";
				SWIFT_OPTIMIZATION_LEVEL = "-Onone";
			};
			name = Debug;
		};
		BB26D3562D404F3D0061B193 /* Release */ = {
			isa = XCBuildConfiguration;
			buildSettings = {
				ALWAYS_SEARCH_USER_PATHS = NO;
				ASSETCATALOG_COMPILER_GENERATE_SWIFT_ASSET_SYMBOL_EXTENSIONS = YES;
				CLANG_ANALYZER_NONNULL = YES;
				CLANG_ANALYZER_NUMBER_OBJECT_CONVERSION = YES_AGGRESSIVE;
				CLANG_CXX_LANGUAGE_STANDARD = "gnu++20";
				CLANG_ENABLE_MODULES = YES;
				CLANG_ENABLE_OBJC_ARC = YES;
				CLANG_ENABLE_OBJC_WEAK = YES;
				CLANG_WARN_BLOCK_CAPTURE_AUTORELEASING = YES;
				CLANG_WARN_BOOL_CONVERSION = YES;
				CLANG_WARN_COMMA = YES;
				CLANG_WARN_CONSTANT_CONVERSION = YES;
				CLANG_WARN_DEPRECATED_OBJC_IMPLEMENTATIONS = YES;
				CLANG_WARN_DIRECT_OBJC_ISA_USAGE = YES_ERROR;
				CLANG_WARN_DOCUMENTATION_COMMENTS = YES;
				CLANG_WARN_EMPTY_BODY = YES;
				CLANG_WARN_ENUM_CONVERSION = YES;
				CLANG_WARN_INFINITE_RECURSION = YES;
				CLANG_WARN_INT_CONVERSION = YES;
				CLANG_WARN_NON_LITERAL_NULL_CONVERSION = YES;
				CLANG_WARN_OBJC_IMPLICIT_RETAIN_SELF = YES;
				CLANG_WARN_OBJC_LITERAL_CONVERSION = YES;
				CLANG_WARN_OBJC_ROOT_CLASS = YES_ERROR;
				CLANG_WARN_QUOTED_INCLUDE_IN_FRAMEWORK_HEADER = YES;
				CLANG_WARN_RANGE_LOOP_ANALYSIS = YES;
				CLANG_WARN_STRICT_PROTOTYPES = YES;
				CLANG_WARN_SUSPICIOUS_MOVE = YES;
				CLANG_WARN_UNGUARDED_AVAILABILITY = YES_AGGRESSIVE;
				CLANG_WARN_UNREACHABLE_CODE = YES;
				CLANG_WARN__DUPLICATE_METHOD_MATCH = YES;
				COPY_PHASE_STRIP = NO;
				DEBUG_INFORMATION_FORMAT = "dwarf-with-dsym";
				ENABLE_NS_ASSERTIONS = NO;
				ENABLE_STRICT_OBJC_MSGSEND = YES;
				ENABLE_USER_SCRIPT_SANDBOXING = YES;
				GCC_C_LANGUAGE_STANDARD = gnu17;
				GCC_NO_COMMON_BLOCKS = YES;
				GCC_WARN_64_TO_32_BIT_CONVERSION = YES;
				GCC_WARN_ABOUT_RETURN_TYPE = YES_ERROR;
				GCC_WARN_UNDECLARED_SELECTOR = YES;
				GCC_WARN_UNINITIALIZED_AUTOS = YES_AGGRESSIVE;
				GCC_WARN_UNUSED_FUNCTION = YES;
				GCC_WARN_UNUSED_VARIABLE = YES;
				IPHONEOS_DEPLOYMENT_TARGET = 18.2;
				LOCALIZATION_PREFERS_STRING_CATALOGS = YES;
				MTL_ENABLE_DEBUG_INFO = NO;
				MTL_FAST_MATH = YES;
				SDKROOT = iphoneos;
				SWIFT_COMPILATION_MODE = wholemodule;
				VALIDATE_PRODUCT = YES;
			};
			name = Release;
		};
		BB26D3582D404F3D0061B193 /* Debug */ = {
			isa = XCBuildConfiguration;
			buildSettings = {
				ASSETCATALOG_COMPILER_APPICON_NAME = AppIcon;
				ASSETCATALOG_COMPILER_GLOBAL_ACCENT_COLOR_NAME = AccentColor;
				CODE_SIGN_STYLE = Automatic;
				CURRENT_PROJECT_VERSION = 1;
				DEVELOPMENT_ASSET_PATHS = "\"SmartDart/Preview Content\"";
				ENABLE_PREVIEWS = YES;
				GENERATE_INFOPLIST_FILE = YES;
				INFOPLIST_KEY_UIApplicationSceneManifest_Generation = YES;
				INFOPLIST_KEY_UIApplicationSupportsIndirectInputEvents = YES;
				INFOPLIST_KEY_UILaunchScreen_Generation = YES;
				INFOPLIST_KEY_UISupportedInterfaceOrientations_iPad = "UIInterfaceOrientationPortrait UIInterfaceOrientationPortraitUpsideDown UIInterfaceOrientationLandscapeLeft UIInterfaceOrientationLandscapeRight";
				INFOPLIST_KEY_UISupportedInterfaceOrientations_iPhone = "UIInterfaceOrientationPortrait UIInterfaceOrientationLandscapeLeft UIInterfaceOrientationLandscapeRight";
				LD_RUNPATH_SEARCH_PATHS = (
					"$(inherited)",
					"@executable_path/Frameworks",
				);
				MARKETING_VERSION = 1.0;
				PRODUCT_BUNDLE_IDENTIFIER = SeniorDesignTeam10.SmartDart;
				PRODUCT_NAME = "$(TARGET_NAME)";
				SWIFT_EMIT_LOC_STRINGS = YES;
				SWIFT_VERSION = 5.0;
				TARGETED_DEVICE_FAMILY = "1,2";
			};
			name = Debug;
		};
		BB26D3592D404F3D0061B193 /* Release */ = {
			isa = XCBuildConfiguration;
			buildSettings = {
				ASSETCATALOG_COMPILER_APPICON_NAME = AppIcon;
				ASSETCATALOG_COMPILER_GLOBAL_ACCENT_COLOR_NAME = AccentColor;
				CODE_SIGN_STYLE = Automatic;
				CURRENT_PROJECT_VERSION = 1;
				DEVELOPMENT_ASSET_PATHS = "\"SmartDart/Preview Content\"";
				ENABLE_PREVIEWS = YES;
				GENERATE_INFOPLIST_FILE = YES;
				INFOPLIST_KEY_UIApplicationSceneManifest_Generation = YES;
				INFOPLIST_KEY_UIApplicationSupportsIndirectInputEvents = YES;
				INFOPLIST_KEY_UILaunchScreen_Generation = YES;
				INFOPLIST_KEY_UISupportedInterfaceOrientations_iPad = "UIInterfaceOrientationPortrait UIInterfaceOrientationPortraitUpsideDown UIInterfaceOrientationLandscapeLeft UIInterfaceOrientationLandscapeRight";
				INFOPLIST_KEY_UISupportedInterfaceOrientations_iPhone = "UIInterfaceOrientationPortrait UIInterfaceOrientationLandscapeLeft UIInterfaceOrientationLandscapeRight";
				LD_RUNPATH_SEARCH_PATHS = (
					"$(inherited)",
					"@executable_path/Frameworks",
				);
				MARKETING_VERSION = 1.0;
				PRODUCT_BUNDLE_IDENTIFIER = SeniorDesignTeam10.SmartDart;
				PRODUCT_NAME = "$(TARGET_NAME)";
				SWIFT_EMIT_LOC_STRINGS = YES;
				SWIFT_VERSION = 5.0;
				TARGETED_DEVICE_FAMILY = "1,2";
			};
			name = Release;
		};
		BB26D35B2D404F3D0061B193 /* Debug */ = {
			isa = XCBuildConfiguration;
			buildSettings = {
				BUNDLE_LOADER = "$(TEST_HOST)";
				CODE_SIGN_STYLE = Automatic;
				CURRENT_PROJECT_VERSION = 1;
				GENERATE_INFOPLIST_FILE = YES;
				IPHONEOS_DEPLOYMENT_TARGET = 18.2;
				MARKETING_VERSION = 1.0;
				PRODUCT_BUNDLE_IDENTIFIER = SeniorDesignTeam10.SmartDartTests;
				PRODUCT_NAME = "$(TARGET_NAME)";
				SWIFT_EMIT_LOC_STRINGS = NO;
				SWIFT_VERSION = 5.0;
				TARGETED_DEVICE_FAMILY = "1,2";
				TEST_HOST = "$(BUILT_PRODUCTS_DIR)/SmartDart.app/$(BUNDLE_EXECUTABLE_FOLDER_PATH)/SmartDart";
			};
			name = Debug;
		};
		BB26D35C2D404F3D0061B193 /* Release */ = {
			isa = XCBuildConfiguration;
			buildSettings = {
				BUNDLE_LOADER = "$(TEST_HOST)";
				CODE_SIGN_STYLE = Automatic;
				CURRENT_PROJECT_VERSION = 1;
				GENERATE_INFOPLIST_FILE = YES;
				IPHONEOS_DEPLOYMENT_TARGET = 18.2;
				MARKETING_VERSION = 1.0;
				PRODUCT_BUNDLE_IDENTIFIER = SeniorDesignTeam10.SmartDartTests;
				PRODUCT_NAME = "$(TARGET_NAME)";
				SWIFT_EMIT_LOC_STRINGS = NO;
				SWIFT_VERSION = 5.0;
				TARGETED_DEVICE_FAMILY = "1,2";
				TEST_HOST = "$(BUILT_PRODUCTS_DIR)/SmartDart.app/$(BUNDLE_EXECUTABLE_FOLDER_PATH)/SmartDart";
			};
			name = Release;
		};
		BB26D35E2D404F3D0061B193 /* Debug */ = {
			isa = XCBuildConfiguration;
			buildSettings = {
				CODE_SIGN_STYLE = Automatic;
				CURRENT_PROJECT_VERSION = 1;
				GENERATE_INFOPLIST_FILE = YES;
				MARKETING_VERSION = 1.0;
				PRODUCT_BUNDLE_IDENTIFIER = SeniorDesignTeam10.SmartDartUITests;
				PRODUCT_NAME = "$(TARGET_NAME)";
				SWIFT_EMIT_LOC_STRINGS = NO;
				SWIFT_VERSION = 5.0;
				TARGETED_DEVICE_FAMILY = "1,2";
				TEST_TARGET_NAME = SmartDart;
			};
			name = Debug;
		};
		BB26D35F2D404F3D0061B193 /* Release */ = {
			isa = XCBuildConfiguration;
			buildSettings = {
				CODE_SIGN_STYLE = Automatic;
				CURRENT_PROJECT_VERSION = 1;
				GENERATE_INFOPLIST_FILE = YES;
				MARKETING_VERSION = 1.0;
				PRODUCT_BUNDLE_IDENTIFIER = SeniorDesignTeam10.SmartDartUITests;
				PRODUCT_NAME = "$(TARGET_NAME)";
				SWIFT_EMIT_LOC_STRINGS = NO;
				SWIFT_VERSION = 5.0;
				TARGETED_DEVICE_FAMILY = "1,2";
				TEST_TARGET_NAME = SmartDart;
			};
			name = Release;
		};
/* End XCBuildConfiguration section */

/* Begin XCConfigurationList section */
		BB26D32E2D404F3C0061B193 /* Build configuration list for PBXProject "SmartDart" */ = {
			isa = XCConfigurationList;
			buildConfigurations = (
				BB26D3552D404F3D0061B193 /* Debug */,
				BB26D3562D404F3D0061B193 /* Release */,
			);
			defaultConfigurationIsVisible = 0;
			defaultConfigurationName = Release;
		};
		BB26D3572D404F3D0061B193 /* Build configuration list for PBXNativeTarget "SmartDart" */ = {
			isa = XCConfigurationList;
			buildConfigurations = (
				BB26D3582D404F3D0061B193 /* Debug */,
				BB26D3592D404F3D0061B193 /* Release */,
			);
			defaultConfigurationIsVisible = 0;
			defaultConfigurationName = Release;
		};
		BB26D35A2D404F3D0061B193 /* Build configuration list for PBXNativeTarget "SmartDartTests" */ = {
			isa = XCConfigurationList;
			buildConfigurations = (
				BB26D35B2D404F3D0061B193 /* Debug */,
				BB26D35C2D404F3D0061B193 /* Release */,
			);
			defaultConfigurationIsVisible = 0;
			defaultConfigurationName = Release;
		};
		BB26D35D2D404F3D0061B193 /* Build configuration list for PBXNativeTarget "SmartDartUITests" */ = {
			isa = XCConfigurationList;
			buildConfigurations = (
				BB26D35E2D404F3D0061B193 /* Debug */,
				BB26D35F2D404F3D0061B193 /* Release */,
			);
			defaultConfigurationIsVisible = 0;
			defaultConfigurationName = Release;
		};
/* End XCConfigurationList section */

/* Begin XCRemoteSwiftPackageReference section */
		BB26D3622D408AE30061B193 /* XCRemoteSwiftPackageReference "firebase-ios-sdk" */ = {
			isa = XCRemoteSwiftPackageReference;
			repositoryURL = "https://github.com/firebase/firebase-ios-sdk";
			requirement = {
				kind = upToNextMajorVersion;
				minimumVersion = 11.7.0;
			};
		};
/* End XCRemoteSwiftPackageReference section */

/* Begin XCSwiftPackageProductDependency section */
		BB26D3632D408EEE0061B193 /* FirebaseAnalytics */ = {
			isa = XCSwiftPackageProductDependency;
			package = BB26D3622D408AE30061B193 /* XCRemoteSwiftPackageReference "firebase-ios-sdk" */;
			productName = FirebaseAnalytics;
		};
		BB26D3652D408EEE0061B193 /* FirebaseAnalyticsOnDeviceConversion */ = {
			isa = XCSwiftPackageProductDependency;
			package = BB26D3622D408AE30061B193 /* XCRemoteSwiftPackageReference "firebase-ios-sdk" */;
			productName = FirebaseAnalyticsOnDeviceConversion;
		};
		BB26D3672D408EEE0061B193 /* FirebaseAnalyticsWithoutAdIdSupport */ = {
			isa = XCSwiftPackageProductDependency;
			package = BB26D3622D408AE30061B193 /* XCRemoteSwiftPackageReference "firebase-ios-sdk" */;
			productName = FirebaseAnalyticsWithoutAdIdSupport;
		};
		BB26D3692D408EEE0061B193 /* FirebaseAppCheck */ = {
			isa = XCSwiftPackageProductDependency;
			package = BB26D3622D408AE30061B193 /* XCRemoteSwiftPackageReference "firebase-ios-sdk" */;
			productName = FirebaseAppCheck;
		};
		BB26D36B2D408EEE0061B193 /* FirebaseAppDistribution-Beta */ = {
			isa = XCSwiftPackageProductDependency;
			package = BB26D3622D408AE30061B193 /* XCRemoteSwiftPackageReference "firebase-ios-sdk" */;
			productName = "FirebaseAppDistribution-Beta";
		};
		BB26D36D2D408EEE0061B193 /* FirebaseAuth */ = {
			isa = XCSwiftPackageProductDependency;
			package = BB26D3622D408AE30061B193 /* XCRemoteSwiftPackageReference "firebase-ios-sdk" */;
			productName = FirebaseAuth;
		};
		BB26D36F2D408EEE0061B193 /* FirebaseAuthCombine-Community */ = {
			isa = XCSwiftPackageProductDependency;
			package = BB26D3622D408AE30061B193 /* XCRemoteSwiftPackageReference "firebase-ios-sdk" */;
			productName = "FirebaseAuthCombine-Community";
		};
		BB26D3712D408EEE0061B193 /* FirebaseCore */ = {
			isa = XCSwiftPackageProductDependency;
			package = BB26D3622D408AE30061B193 /* XCRemoteSwiftPackageReference "firebase-ios-sdk" */;
			productName = FirebaseCore;
		};
		BB26D3732D408EEE0061B193 /* FirebaseCrashlytics */ = {
			isa = XCSwiftPackageProductDependency;
			package = BB26D3622D408AE30061B193 /* XCRemoteSwiftPackageReference "firebase-ios-sdk" */;
			productName = FirebaseCrashlytics;
		};
		BB26D3752D408EEE0061B193 /* FirebaseDatabase */ = {
			isa = XCSwiftPackageProductDependency;
			package = BB26D3622D408AE30061B193 /* XCRemoteSwiftPackageReference "firebase-ios-sdk" */;
			productName = FirebaseDatabase;
		};
		BB26D3772D408EEE0061B193 /* FirebaseDynamicLinks */ = {
			isa = XCSwiftPackageProductDependency;
			package = BB26D3622D408AE30061B193 /* XCRemoteSwiftPackageReference "firebase-ios-sdk" */;
			productName = FirebaseDynamicLinks;
		};
		BB26D3792D408EEE0061B193 /* FirebaseFirestore */ = {
			isa = XCSwiftPackageProductDependency;
			package = BB26D3622D408AE30061B193 /* XCRemoteSwiftPackageReference "firebase-ios-sdk" */;
			productName = FirebaseFirestore;
		};
		BB26D37B2D408EEE0061B193 /* FirebaseFirestoreCombine-Community */ = {
			isa = XCSwiftPackageProductDependency;
			package = BB26D3622D408AE30061B193 /* XCRemoteSwiftPackageReference "firebase-ios-sdk" */;
			productName = "FirebaseFirestoreCombine-Community";
		};
		BB26D37D2D408EEE0061B193 /* FirebaseFunctions */ = {
			isa = XCSwiftPackageProductDependency;
			package = BB26D3622D408AE30061B193 /* XCRemoteSwiftPackageReference "firebase-ios-sdk" */;
			productName = FirebaseFunctions;
		};
		BB26D37F2D408EEE0061B193 /* FirebaseFunctionsCombine-Community */ = {
			isa = XCSwiftPackageProductDependency;
			package = BB26D3622D408AE30061B193 /* XCRemoteSwiftPackageReference "firebase-ios-sdk" */;
			productName = "FirebaseFunctionsCombine-Community";
		};
		BB26D3812D408EEE0061B193 /* FirebaseInAppMessaging-Beta */ = {
			isa = XCSwiftPackageProductDependency;
			package = BB26D3622D408AE30061B193 /* XCRemoteSwiftPackageReference "firebase-ios-sdk" */;
			productName = "FirebaseInAppMessaging-Beta";
		};
		BB26D3832D408EEE0061B193 /* FirebaseInstallations */ = {
			isa = XCSwiftPackageProductDependency;
			package = BB26D3622D408AE30061B193 /* XCRemoteSwiftPackageReference "firebase-ios-sdk" */;
			productName = FirebaseInstallations;
		};
		BB26D3852D408EEE0061B193 /* FirebaseMLModelDownloader */ = {
			isa = XCSwiftPackageProductDependency;
			package = BB26D3622D408AE30061B193 /* XCRemoteSwiftPackageReference "firebase-ios-sdk" */;
			productName = FirebaseMLModelDownloader;
		};
		BB26D3872D408EEE0061B193 /* FirebaseMessaging */ = {
			isa = XCSwiftPackageProductDependency;
			package = BB26D3622D408AE30061B193 /* XCRemoteSwiftPackageReference "firebase-ios-sdk" */;
			productName = FirebaseMessaging;
		};
		BB26D3892D408EEE0061B193 /* FirebasePerformance */ = {
			isa = XCSwiftPackageProductDependency;
			package = BB26D3622D408AE30061B193 /* XCRemoteSwiftPackageReference "firebase-ios-sdk" */;
			productName = FirebasePerformance;
		};
		BB26D38B2D408EEE0061B193 /* FirebaseRemoteConfig */ = {
			isa = XCSwiftPackageProductDependency;
			package = BB26D3622D408AE30061B193 /* XCRemoteSwiftPackageReference "firebase-ios-sdk" */;
			productName = FirebaseRemoteConfig;
		};
		BB26D38D2D408EEE0061B193 /* FirebaseStorage */ = {
			isa = XCSwiftPackageProductDependency;
			package = BB26D3622D408AE30061B193 /* XCRemoteSwiftPackageReference "firebase-ios-sdk" */;
			productName = FirebaseStorage;
		};
		BB26D38F2D408EEE0061B193 /* FirebaseStorageCombine-Community */ = {
			isa = XCSwiftPackageProductDependency;
			package = BB26D3622D408AE30061B193 /* XCRemoteSwiftPackageReference "firebase-ios-sdk" */;
			productName = "FirebaseStorageCombine-Community";
		};
		BB26D3912D408EEE0061B193 /* FirebaseVertexAI */ = {
			isa = XCSwiftPackageProductDependency;
			package = BB26D3622D408AE30061B193 /* XCRemoteSwiftPackageReference "firebase-ios-sdk" */;
			productName = FirebaseVertexAI;
		};
/* End XCSwiftPackageProductDependency section */
	};
	rootObject = BB26D32B2D404F3C0061B193 /* Project object */;
}
